
Microsoft Visual Studio Solution File, Format Version 12.00
# Visual Studio 15
Project("{FAE04EC0-301F-11D3-BF4B-00C04F79EFBC}") = "Assembly-CSharp", "Assembly-CSharp.csproj", "{CD86DC3D-B2BF-4611-A2D2-181EC480308F}"
EndProject
Project("{FAE04EC0-301F-11D3-BF4B-00C04F79EFBC}") = "SimpleRelay", "SimpleRelay.csproj", "{F52C5FF2-0059-0092-6AA3-277E0CEBEB01}"
EndProject
Project("{FAE04EC0-301F-11D3-BF4B-00C04F79EFBC}") = "Bootstrap", "Bootstrap.csproj", "{A74BFB37-1FFC-68C9-4672-648B54A2BADC}"
EndProject
Project("{FAE04EC0-301F-11D3-BF4B-00C04F79EFBC}") = "SimpleRelayUTP", "SimpleRelayUTP.csproj", "{0D2C5B5E-420B-6544-0BEE-803A72F336B0}"
EndProject
Global
	GlobalSection(SolutionConfigurationPlatforms) = preSolution
		Debug|Any CPU = Debug|Any CPU
		Release|Any CPU = Release|Any CPU
	EndGlobalSection
	GlobalSection(ProjectConfigurationPlatforms) = postSolution
		{CD86DC3D-B2BF-4611-A2D2-181EC480308F}.Debug|Any CPU.ActiveCfg = Debug|Any CPU
		{CD86DC3D-B2BF-4611-A2D2-181EC480308F}.Debug|Any CPU.Build.0 = Debug|Any CPU
		{CD86DC3D-B2BF-4611-A2D2-181EC480308F}.Release|Any CPU.ActiveCfg = Release|Any CPU
		{CD86DC3D-B2BF-4611-A2D2-181EC480308F}.Release|Any CPU.Build.0 = Release|Any CPU
		{F52C5FF2-0059-0092-6AA3-277E0CEBEB01}.Debug|Any CPU.ActiveCfg = Debug|Any CPU
		{F52C5FF2-0059-0092-6AA3-277E0CEBEB01}.Debug|Any CPU.Build.0 = Debug|Any CPU
		{F52C5FF2-0059-0092-6AA3-277E0CEBEB01}.Release|Any CPU.ActiveCfg = Release|Any CPU
		{F52C5FF2-0059-0092-6AA3-277E0CEBEB01}.Release|Any CPU.Build.0 = Release|Any CPU
		{A74BFB37-1FFC-68C9-4672-648B54A2BADC}.Debug|Any CPU.ActiveCfg = Debug|Any CPU
		{A74BFB37-1FFC-68C9-4672-648B54A2BADC}.Debug|Any CPU.Build.0 = Debug|Any CPU
		{A74BFB37-1FFC-68C9-4672-648B54A2BADC}.Release|Any CPU.ActiveCfg = Release|Any CPU
		{A74BFB37-1FFC-68C9-4672-648B54A2BADC}.Release|Any CPU.Build.0 = Release|Any CPU
		{0D2C5B5E-420B-6544-0BEE-803A72F336B0}.Debug|Any CPU.ActiveCfg = Debug|Any CPU
		{0D2C5B5E-420B-6544-0BEE-803A72F336B0}.Debug|Any CPU.Build.0 = Debug|Any CPU
		{0D2C5B5E-420B-6544-0BEE-803A72F336B0}.Release|Any CPU.ActiveCfg = Release|Any CPU
		{0D2C5B5E-420B-6544-0BEE-803A72F336B0}.Release|Any CPU.Build.0 = Release|Any CPU
	EndGlobalSection
	GlobalSection(SolutionProperties) = preSolution
		HideSolutionNode = FALSE
	EndGlobalSection
EndGlobal
